
Microsoft Visual Studio Solution File, Format Version 12.00
# Visual Studio Version 16
VisualStudioVersion = 16.0.30907.101
MinimumVisualStudioVersion = 10.0.40219.1
Project("{9A19103F-16F7-4668-BE54-9A1E7A4F7556}") = "FixtureGenerator", "FixtureGenerator\FixtureGenerator.csproj", "{F34FE17D-B158-420C-89D7-09DEB5169E3B}"
EndProject
Project("{FAE04EC0-301F-11D3-BF4B-00C04F79EFBC}") = "FixtureGenerator.Tests", "FixtureGenerator.Tests\FixtureGenerator.Tests.csproj", "{0901EE41-E4B8-4ED1-8AFA-04B2D5D760CB}"
EndProject
Global
	GlobalSection(SolutionConfigurationPlatforms) = preSolution
		Debug|Any CPU = Debug|Any CPU
		Release|Any CPU = Release|Any CPU
	EndGlobalSection
	GlobalSection(ProjectConfigurationPlatforms) = postSolution
		{F34FE17D-B158-420C-89D7-09DEB5169E3B}.Debug|Any CPU.ActiveCfg = Debug|Any CPU
		{F34FE17D-B158-420C-89D7-09DEB5169E3B}.Debug|Any CPU.Build.0 = Debug|Any CPU
		{F34FE17D-B158-420C-89D7-09DEB5169E3B}.Release|Any CPU.ActiveCfg = Release|Any CPU
		{F34FE17D-B158-420C-89D7-09DEB5169E3B}.Release|Any CPU.Build.0 = Release|Any CPU
		{0901EE41-E4B8-4ED1-8AFA-04B2D5D760CB}.Debug|Any CPU.ActiveCfg = Debug|Any CPU
		{0901EE41-E4B8-4ED1-8AFA-04B2D5D760CB}.Debug|Any CPU.Build.0 = Debug|Any CPU
		{0901EE41-E4B8-4ED1-8AFA-04B2D5D760CB}.Release|Any CPU.ActiveCfg = Release|Any CPU
		{0901EE41-E4B8-4ED1-8AFA-04B2D5D760CB}.Release|Any CPU.Build.0 = Release|Any CPU
	EndGlobalSection
	GlobalSection(SolutionProperties) = preSolution
		HideSolutionNode = FALSE
	EndGlobalSection
	GlobalSection(ExtensibilityGlobals) = postSolution
		SolutionGuid = {A3C85FDE-463A-4C89-9591-D78A41F5ACF4}
	EndGlobalSection
EndGlobal
